// !$*UTF8*$!
{
	archiveVersion = 1;
	classes = {
	};
	objectVersion = 46;
	objects = {

/* Begin PBXBuildFile section */
		003B6E9C19C0D05300E21E02 /* Foundation.framework in Frameworks */ = {isa = PBXBuildFile; fileRef = 003B6E9B19C0D05300E21E02 /* Foundation.framework */; };
		003B6E9E19C0D05300E21E02 /* CoreGraphics.framework in Frameworks */ = {isa = PBXBuildFile; fileRef = 003B6E9D19C0D05300E21E02 /* CoreGraphics.framework */; };
		003B6EA019C0D05300E21E02 /* UIKit.framework in Frameworks */ = {isa = PBXBuildFile; fileRef = 003B6E9F19C0D05300E21E02 /* UIKit.framework */; };
		003B6EA619C0D05300E21E02 /* InfoPlist.strings in Resources */ = {isa = PBXBuildFile; fileRef = 003B6EA419C0D05300E21E02 /* InfoPlist.strings */; };
		003B6EA819C0D05300E21E02 /* main.m in Sources */ = {isa = PBXBuildFile; fileRef = 003B6EA719C0D05300E21E02 /* main.m */; };
		003B6EAC19C0D05300E21E02 /* RFAppDelegate.m in Sources */ = {isa = PBXBuildFile; fileRef = 003B6EAB19C0D05300E21E02 /* RFAppDelegate.m */; };
		003B6EAF19C0D05300E21E02 /* Main.storyboard in Resources */ = {isa = PBXBuildFile; fileRef = 003B6EAD19C0D05300E21E02 /* Main.storyboard */; };
		003B6EB419C0D05300E21E02 /* Images.xcassets in Resources */ = {isa = PBXBuildFile; fileRef = 003B6EB319C0D05300E21E02 /* Images.xcassets */; };
		003B6EBB19C0D05300E21E02 /* XCTest.framework in Frameworks */ = {isa = PBXBuildFile; fileRef = 003B6EBA19C0D05300E21E02 /* XCTest.framework */; };
		003B6EBC19C0D05300E21E02 /* Foundation.framework in Frameworks */ = {isa = PBXBuildFile; fileRef = 003B6E9B19C0D05300E21E02 /* Foundation.framework */; };
		003B6EBD19C0D05300E21E02 /* UIKit.framework in Frameworks */ = {isa = PBXBuildFile; fileRef = 003B6E9F19C0D05300E21E02 /* UIKit.framework */; };
		003B6EC519C0D05300E21E02 /* InfoPlist.strings in Resources */ = {isa = PBXBuildFile; fileRef = 003B6EC319C0D05300E21E02 /* InfoPlist.strings */; };
		003B6EC719C0D05300E21E02 /* UITableViewController_Challenge_SolutionTests.m in Sources */ = {isa = PBXBuildFile; fileRef = 003B6EC619C0D05300E21E02 /* UITableViewController_Challenge_SolutionTests.m */; };
		003B6ED219C0D20C00E21E02 /* RFSuperTableViewController.m in Sources */ = {isa = PBXBuildFile; fileRef = 003B6ED119C0D20C00E21E02 /* RFSuperTableViewController.m */; };
/* End PBXBuildFile section */

/* Begin PBXContainerItemProxy section */
		003B6EBE19C0D05300E21E02 /* PBXContainerItemProxy */ = {
			isa = PBXContainerItemProxy;
			containerPortal = 003B6E9019C0D05300E21E02 /* Project object */;
			proxyType = 1;
			remoteGlobalIDString = 003B6E9719C0D05300E21E02;
			remoteInfo = "UITableViewController Challenge Solution";
		};
/* End PBXContainerItemProxy section */

/* Begin PBXFileReference section */
		003B6E9819C0D05300E21E02 /* UITableViewController Challenge Solution.app */ = {isa = PBXFileReference; explicitFileType = wrapper.application; includeInIndex = 0; path = "UITableViewController Challenge Solution.app"; sourceTree = BUILT_PRODUCTS_DIR; };
		003B6E9B19C0D05300E21E02 /* Foundation.framework */ = {isa = PBXFileReference; lastKnownFileType = wrapper.framework; name = Foundation.framework; path = System/Library/Frameworks/Foundation.framework; sourceTree = SDKROOT; };
		003B6E9D19C0D05300E21E02 /* CoreGraphics.framework */ = {isa = PBXFileReference; lastKnownFileType = wrapper.framework; name = CoreGraphics.framework; path = System/Library/Frameworks/CoreGraphics.framework; sourceTree = SDKROOT; };
		003B6E9F19C0D05300E21E02 /* UIKit.framework */ = {isa = PBXFileReference; lastKnownFileType = wrapper.framework; name = UIKit.framework; path = System/Library/Frameworks/UIKit.framework; sourceTree = SDKROOT; };
		003B6EA319C0D05300E21E02 /* UITableViewController Challenge Solution-Info.plist */ = {isa = PBXFileReference; lastKnownFileType = text.plist.xml; path = "UITableViewController Challenge Solution-Info.plist"; sourceTree = "<group>"; };
		003B6EA519C0D05300E21E02 /* en */ = {isa = PBXFileReference; lastKnownFileType = text.plist.strings; name = en; path = en.lproj/InfoPlist.strings; sourceTree = "<group>"; };
		003B6EA719C0D05300E21E02 /* main.m */ = {isa = PBXFileReference; lastKnownFileType = sourcecode.c.objc; path = main.m; sourceTree = "<group>"; };
		003B6EA919C0D05300E21E02 /* UITableViewController Challenge Solution-Prefix.pch */ = {isa = PBXFileReference; lastKnownFileType = sourcecode.c.h; path = "UITableViewController Challenge Solution-Prefix.pch"; sourceTree = "<group>"; };
		003B6EAA19C0D05300E21E02 /* RFAppDelegate.h */ = {isa = PBXFileReference; lastKnownFileType = sourcecode.c.h; path = RFAppDelegate.h; sourceTree = "<group>"; };
		003B6EAB19C0D05300E21E02 /* RFAppDelegate.m */ = {isa = PBXFileReference; lastKnownFileType = sourcecode.c.objc; path = RFAppDelegate.m; sourceTree = "<group>"; };
		003B6EAE19C0D05300E21E02 /* Base */ = {isa = PBXFileReference; lastKnownFileType = file.storyboard; name = Base; path = Base.lproj/Main.storyboard; sourceTree = "<group>"; };
		003B6EB319C0D05300E21E02 /* Images.xcassets */ = {isa = PBXFileReference; lastKnownFileType = folder.assetcatalog; path = Images.xcassets; sourceTree = "<group>"; };
		003B6EB919C0D05300E21E02 /* UITableViewController Challenge SolutionTests.xctest */ = {isa = PBXFileReference; explicitFileType = wrapper.cfbundle; includeInIndex = 0; path = "UITableViewController Challenge SolutionTests.xctest"; sourceTree = BUILT_PRODUCTS_DIR; };
		003B6EBA19C0D05300E21E02 /* XCTest.framework */ = {isa = PBXFileReference; lastKnownFileType = wrapper.framework; name = XCTest.framework; path = Library/Frameworks/XCTest.framework; sourceTree = DEVELOPER_DIR; };
		003B6EC219C0D05300E21E02 /* UITableViewController Challenge SolutionTests-Info.plist */ = {isa = PBXFileReference; lastKnownFileType = text.plist.xml; path = "UITableViewController Challenge SolutionTests-Info.plist"; sourceTree = "<group>"; };
		003B6EC419C0D05300E21E02 /* en */ = {isa = PBXFileReference; lastKnownFileType = text.plist.strings; name = en; path = en.lproj/InfoPlist.strings; sourceTree = "<group>"; };
		003B6EC619C0D05300E21E02 /* UITableViewController_Challenge_SolutionTests.m */ = {isa = PBXFileReference; lastKnownFileType = sourcecode.c.objc; path = UITableViewController_Challenge_SolutionTests.m; sourceTree = "<group>"; };
		003B6ED019C0D20C00E21E02 /* RFSuperTableViewController.h */ = {isa = PBXFileReference; fileEncoding = 4; lastKnownFileType = sourcecode.c.h; name = RFSuperTableViewController.h; path = ../RFSuperTableViewController.h; sourceTree = "<group>"; };
		003B6ED119C0D20C00E21E02 /* RFSuperTableViewController.m */ = {isa = PBXFileReference; fileEncoding = 4; lastKnownFileType = sourcecode.c.objc; name = RFSuperTableViewController.m; path = ../RFSuperTableViewController.m; sourceTree = "<group>"; };
/* End PBXFileReference section */

/* Begin PBXFrameworksBuildPhase section */
		003B6E9519C0D05300E21E02 /* Frameworks */ = {
			isa = PBXFrameworksBuildPhase;
			buildActionMask = 2147483647;
			files = (
				003B6E9E19C0D05300E21E02 /* CoreGraphics.framework in Frameworks */,
				003B6EA019C0D05300E21E02 /* UIKit.framework in Frameworks */,
				003B6E9C19C0D05300E21E02 /* Foundation.framework in Frameworks */,
			);
			runOnlyForDeploymentPostprocessing = 0;
		};
		003B6EB619C0D05300E21E02 /* Frameworks */ = {
			isa = PBXFrameworksBuildPhase;
			buildActionMask = 2147483647;
			files = (
				003B6EBB19C0D05300E21E02 /* XCTest.framework in Frameworks */,
				003B6EBD19C0D05300E21E02 /* UIKit.framework in Frameworks */,
				003B6EBC19C0D05300E21E02 /* Foundation.framework in Frameworks */,
			);
			runOnlyForDeploymentPostprocessing = 0;
		};
/* End PBXFrameworksBuildPhase section */

/* Begin PBXGroup section */
		003B6E8F19C0D05300E21E02 = {
			isa = PBXGroup;
			children = (
				003B6EA119C0D05300E21E02 /* UITableViewController Challenge Solution */,
				003B6EC019C0D05300E21E02 /* UITableViewController Challenge SolutionTests */,
				003B6E9A19C0D05300E21E02 /* Frameworks */,
				003B6E9919C0D05300E21E02 /* Products */,
			);
			sourceTree = "<group>";
		};
		003B6E9919C0D05300E21E02 /* Products */ = {
			isa = PBXGroup;
			children = (
				003B6E9819C0D05300E21E02 /* UITableViewController Challenge Solution.app */,
				003B6EB919C0D05300E21E02 /* UITableViewController Challenge SolutionTests.xctest */,
			);
			name = Products;
			sourceTree = "<group>";
		};
		003B6E9A19C0D05300E21E02 /* Frameworks */ = {
			isa = PBXGroup;
			children = (
				003B6E9B19C0D05300E21E02 /* Foundation.framework */,
				003B6E9D19C0D05300E21E02 /* CoreGraphics.framework */,
				003B6E9F19C0D05300E21E02 /* UIKit.framework */,
				003B6EBA19C0D05300E21E02 /* XCTest.framework */,
			);
			name = Frameworks;
			sourceTree = "<group>";
		};
		003B6EA119C0D05300E21E02 /* UITableViewController Challenge Solution */ = {
			isa = PBXGroup;
			children = (
				003B6EAA19C0D05300E21E02 /* RFAppDelegate.h */,
				003B6EAB19C0D05300E21E02 /* RFAppDelegate.m */,
				003B6EAD19C0D05300E21E02 /* Main.storyboard */,
				003B6ED019C0D20C00E21E02 /* RFSuperTableViewController.h */,
				003B6ED119C0D20C00E21E02 /* RFSuperTableViewController.m */,
				003B6EB319C0D05300E21E02 /* Images.xcassets */,
				003B6EA219C0D05300E21E02 /* Supporting Files */,
			);
			path = "UITableViewController Challenge Solution";
			sourceTree = "<group>";
		};
		003B6EA219C0D05300E21E02 /* Supporting Files */ = {
			isa = PBXGroup;
			children = (
				003B6EA319C0D05300E21E02 /* UITableViewController Challenge Solution-Info.plist */,
				003B6EA419C0D05300E21E02 /* InfoPlist.strings */,
				003B6EA719C0D05300E21E02 /* main.m */,
				003B6EA919C0D05300E21E02 /* UITableViewController Challenge Solution-Prefix.pch */,
			);
			name = "Supporting Files";
			sourceTree = "<group>";
		};
		003B6EC019C0D05300E21E02 /* UITableViewController Challenge SolutionTests */ = {
			isa = PBXGroup;
			children = (
				003B6EC619C0D05300E21E02 /* UITableViewController_Challenge_SolutionTests.m */,
				003B6EC119C0D05300E21E02 /* Supporting Files */,
			);
			path = "UITableViewController Challenge SolutionTests";
			sourceTree = "<group>";
		};
		003B6EC119C0D05300E21E02 /* Supporting Files */ = {
			isa = PBXGroup;
			children = (
				003B6EC219C0D05300E21E02 /* UITableViewController Challenge SolutionTests-Info.plist */,
				003B6EC319C0D05300E21E02 /* InfoPlist.strings */,
			);
			name = "Supporting Files";
			sourceTree = "<group>";
		};
/* End PBXGroup section */

/* Begin PBXNativeTarget section */
		003B6E9719C0D05300E21E02 /* UITableViewController Challenge Solution */ = {
			isa = PBXNativeTarget;
			buildConfigurationList = 003B6ECA19C0D05300E21E02 /* Build configuration list for PBXNativeTarget "UITableViewController Challenge Solution" */;
			buildPhases = (
				003B6E9419C0D05300E21E02 /* Sources */,
				003B6E9519C0D05300E21E02 /* Frameworks */,
				003B6E9619C0D05300E21E02 /* Resources */,
			);
			buildRules = (
			);
			dependencies = (
			);
			name = "UITableViewController Challenge Solution";
			productName = "UITableViewController Challenge Solution";
			productReference = 003B6E9819C0D05300E21E02 /* UITableViewController Challenge Solution.app */;
			productType = "com.apple.product-type.application";
		};
		003B6EB819C0D05300E21E02 /* UITableViewController Challenge SolutionTests */ = {
			isa = PBXNativeTarget;
			buildConfigurationList = 003B6ECD19C0D05300E21E02 /* Build configuration list for PBXNativeTarget "UITableViewController Challenge SolutionTests" */;
			buildPhases = (
				003B6EB519C0D05300E21E02 /* Sources */,
				003B6EB619C0D05300E21E02 /* Frameworks */,
				003B6EB719C0D05300E21E02 /* Resources */,
			);
			buildRules = (
			);
			dependencies = (
				003B6EBF19C0D05300E21E02 /* PBXTargetDependency */,
			);
			name = "UITableViewController Challenge SolutionTests";
			productName = "UITableViewController Challenge SolutionTests";
			productReference = 003B6EB919C0D05300E21E02 /* UITableViewController Challenge SolutionTests.xctest */;
			productType = "com.apple.product-type.bundle.unit-test";
		};
/* End PBXNativeTarget section */

/* Begin PBXProject section */
		003B6E9019C0D05300E21E02 /* Project object */ = {
			isa = PBXProject;
			attributes = {
				CLASSPREFIX = RF;
				LastUpgradeCheck = 0510;
				TargetAttributes = {
					003B6EB819C0D05300E21E02 = {
						TestTargetID = 003B6E9719C0D05300E21E02;
					};
				};
			};
			buildConfigurationList = 003B6E9319C0D05300E21E02 /* Build configuration list for PBXProject "UITableViewController Challenge Solution" */;
			compatibilityVersion = "Xcode 3.2";
			developmentRegion = English;
			hasScannedForEncodings = 0;
			knownRegions = (
				en,
				Base,
			);
			mainGroup = 003B6E8F19C0D05300E21E02;
			productRefGroup = 003B6E9919C0D05300E21E02 /* Products */;
			projectDirPath = "";
			projectRoot = "";
			targets = (
				003B6E9719C0D05300E21E02 /* UITableViewController Challenge Solution */,
				003B6EB819C0D05300E21E02 /* UITableViewController Challenge SolutionTests */,
			);
		};
/* End PBXProject section */

/* Begin PBXResourcesBuildPhase section */
		003B6E9619C0D05300E21E02 /* Resources */ = {
			isa = PBXResourcesBuildPhase;
			buildActionMask = 2147483647;
			files = (
				003B6EB419C0D05300E21E02 /* Images.xcassets in Resources */,
				003B6EA619C0D05300E21E02 /* InfoPlist.strings in Resources */,
				003B6EAF19C0D05300E21E02 /* Main.storyboard in Resources */,
			);
			runOnlyForDeploymentPostprocessing = 0;
		};
		003B6EB719C0D05300E21E02 /* Resources */ = {
			isa = PBXResourcesBuildPhase;
			buildActionMask = 2147483647;
			files = (
				003B6EC519C0D05300E21E02 /* InfoPlist.strings in Resources */,
			);
			runOnlyForDeploymentPostprocessing = 0;
		};
/* End PBXResourcesBuildPhase section */

/* Begin PBXSourcesBuildPhase section */
		003B6E9419C0D05300E21E02 /* Sources */ = {
			isa = PBXSourcesBuildPhase;
			buildActionMask = 2147483647;
			files = (
				003B6EAC19C0D05300E21E02 /* RFAppDelegate.m in Sources */,
				003B6ED219C0D20C00E21E02 /* RFSuperTableViewController.m in Sources */,
				003B6EA819C0D05300E21E02 /* main.m in Sources */,
			);
			runOnlyForDeploymentPostprocessing = 0;
		};
		003B6EB519C0D05300E21E02 /* Sources */ = {
			isa = PBXSourcesBuildPhase;
			buildActionMask = 2147483647;
			files = (
				003B6EC719C0D05300E21E02 /* UITableViewController_Challenge_SolutionTests.m in Sources */,
			);
			runOnlyForDeploymentPostprocessing = 0;
		};
/* End PBXSourcesBuildPhase section */

/* Begin PBXTargetDependency section */
		003B6EBF19C0D05300E21E02 /* PBXTargetDependency */ = {
			isa = PBXTargetDependency;
			target = 003B6E9719C0D05300E21E02 /* UITableViewController Challenge Solution */;
			targetProxy = 003B6EBE19C0D05300E21E02 /* PBXContainerItemProxy */;
		};
/* End PBXTargetDependency section */

/* Begin PBXVariantGroup section */
		003B6EA419C0D05300E21E02 /* InfoPlist.strings */ = {
			isa = PBXVariantGroup;
			children = (
				003B6EA519C0D05300E21E02 /* en */,
			);
			name = InfoPlist.strings;
			sourceTree = "<group>";
		};
		003B6EAD19C0D05300E21E02 /* Main.storyboard */ = {
			isa = PBXVariantGroup;
			children = (
				003B6EAE19C0D05300E21E02 /* Base */,
			);
			name = Main.storyboard;
			sourceTree = "<group>";
		};
		003B6EC319C0D05300E21E02 /* InfoPlist.strings */ = {
			isa = PBXVariantGroup;
			children = (
				003B6EC419C0D05300E21E02 /* en */,
			);
			name = InfoPlist.strings;
			sourceTree = "<group>";
		};
/* End PBXVariantGroup section */

/* Begin XCBuildConfiguration section */
		003B6EC819C0D05300E21E02 /* Debug */ = {
			isa = XCBuildConfiguration;
			buildSettings = {
				ALWAYS_SEARCH_USER_PATHS = NO;
				CLANG_CXX_LANGUAGE_STANDARD = "gnu++0x";
				CLANG_CXX_LIBRARY = "libc++";
				CLANG_ENABLE_MODULES = YES;
				CLANG_ENABLE_OBJC_ARC = YES;
				CLANG_WARN_BOOL_CONVERSION = YES;
				CLANG_WARN_CONSTANT_CONVERSION = YES;
				CLANG_WARN_DIRECT_OBJC_ISA_USAGE = YES_ERROR;
				CLANG_WARN_EMPTY_BODY = YES;
				CLANG_WARN_ENUM_CONVERSION = YES;
				CLANG_WARN_INT_CONVERSION = YES;
				CLANG_WARN_OBJC_ROOT_CLASS = YES_ERROR;
				CLANG_WARN__DUPLICATE_METHOD_MATCH = YES;
				"CODE_SIGN_IDENTITY[sdk=iphoneos*]" = "iPhone Developer";
				COPY_PHASE_STRIP = NO;
				GCC_C_LANGUAGE_STANDARD = gnu99;
				GCC_DYNAMIC_NO_PIC = NO;
				GCC_OPTIMIZATION_LEVEL = 0;
				GCC_PREPROCESSOR_DEFINITIONS = (
					"DEBUG=1",
					"$(inherited)",
				);
				GCC_SYMBOLS_PRIVATE_EXTERN = NO;
				GCC_WARN_64_TO_32_BIT_CONVERSION = YES;
				GCC_WARN_ABOUT_RETURN_TYPE = YES_ERROR;
				GCC_WARN_UNDECLARED_SELECTOR = YES;
				GCC_WARN_UNINITIALIZED_AUTOS = YES_AGGRESSIVE;
				GCC_WARN_UNUSED_FUNCTION = YES;
				GCC_WARN_UNUSED_VARIABLE = YES;
				IPHONEOS_DEPLOYMENT_TARGET = 7.1;
				ONLY_ACTIVE_ARCH = YES;
				SDKROOT = iphoneos;
			};
			name = Debug;
		};
		003B6EC919C0D05300E21E02 /* Release */ = {
			isa = XCBuildConfiguration;
			buildSettings = {
				ALWAYS_SEARCH_USER_PATHS = NO;
				CLANG_CXX_LANGUAGE_STANDARD = "gnu++0x";
				CLANG_CXX_LIBRARY = "libc++";
				CLANG_ENABLE_MODULES = YES;
				CLANG_ENABLE_OBJC_ARC = YES;
				CLANG_WARN_BOOL_CONVERSION = YES;
				CLANG_WARN_CONSTANT_CONVERSION = YES;
				CLANG_WARN_DIRECT_OBJC_ISA_USAGE = YES_ERROR;
				CLANG_WARN_EMPTY_BODY = YES;
				CLANG_WARN_ENUM_CONVERSION = YES;
				CLANG_WARN_INT_CONVERSION = YES;
				CLANG_WARN_OBJC_ROOT_CLASS = YES_ERROR;
				CLANG_WARN__DUPLICATE_METHOD_MATCH = YES;
				"CODE_SIGN_IDENTITY[sdk=iphoneos*]" = "iPhone Developer";
				COPY_PHASE_STRIP = YES;
				ENABLE_NS_ASSERTIONS = NO;
				GCC_C_LANGUAGE_STANDARD = gnu99;
				GCC_WARN_64_TO_32_BIT_CONVERSION = YES;
				GCC_WARN_ABOUT_RETURN_TYPE = YES_ERROR;
				GCC_WARN_UNDECLARED_SELECTOR = YES;
				GCC_WARN_UNINITIALIZED_AUTOS = YES_AGGRESSIVE;
				GCC_WARN_UNUSED_FUNCTION = YES;
				GCC_WARN_UNUSED_VARIABLE = YES;
				IPHONEOS_DEPLOYMENT_TARGET = 7.1;
				SDKROOT = iphoneos;
				VALIDATE_PRODUCT = YES;
			};
			name = Release;
		};
		003B6ECB19C0D05300E21E02 /* Debug */ = {
			isa = XCBuildConfiguration;
			buildSettings = {
				ASSETCATALOG_COMPILER_APPICON_NAME = AppIcon;
				ASSETCATALOG_COMPILER_LAUNCHIMAGE_NAME = LaunchImage;
				GCC_PRECOMPILE_PREFIX_HEADER = YES;
				GCC_PREFIX_HEADER = "UITableViewController Challenge Solution/UITableViewController Challenge Solution-Prefix.pch";
				INFOPLIST_FILE = "UITableViewController Challenge Solution/UITableViewController Challenge Solution-Info.plist";
				PRODUCT_NAME = "$(TARGET_NAME)";
				WRAPPER_EXTENSION = app;
			};
			name = Debug;
		};
		003B6ECC19C0D05300E21E02 /* Release */ = {
			isa = XCBuildConfiguration;
			buildSettings = {
				ASSETCATALOG_COMPILER_APPICON_NAME = AppIcon;
				ASSETCATALOG_COMPILER_LAUNCHIMAGE_NAME = LaunchImage;
				GCC_PRECOMPILE_PREFIX_HEADER = YES;
				GCC_PREFIX_HEADER = "UITableViewController Challenge Solution/UITableViewController Challenge Solution-Prefix.pch";
				INFOPLIST_FILE = "UITableViewController Challenge Solution/UITableViewController Challenge Solution-Info.plist";
				PRODUCT_NAME = "$(TARGET_NAME)";
				WRAPPER_EXTENSION = app;
			};
			name = Release;
		};
		003B6ECE19C0D05300E21E02 /* Debug */ = {
			isa = XCBuildConfiguration;
			buildSettings = {
				BUNDLE_LOADER = "$(BUILT_PRODUCTS_DIR)/UITableViewController Challenge Solution.app/UITableViewController Challenge Solution";
				FRAMEWORK_SEARCH_PATHS = (
					"$(SDKROOT)/Developer/Library/Frameworks",
					"$(inherited)",
					"$(DEVELOPER_FRAMEWORKS_DIR)",
				);
				GCC_PRECOMPILE_PREFIX_HEADER = YES;
				GCC_PREFIX_HEADER = "UITableViewController Challenge Solution/UITableViewController Challenge Solution-Prefix.pch";
				GCC_PREPROCESSOR_DEFINITIONS = (
					"DEBUG=1",
					"$(inherited)",
				);
				INFOPLIST_FILE = "UITableViewController Challenge SolutionTests/UITableViewController Challenge SolutionTests-Info.plist";
				PRODUCT_NAME = "$(TARGET_NAME)";
				TEST_HOST = "$(BUNDLE_LOADER)";
				WRAPPER_EXTENSION = xctest;
			};
			name = Debug;
		};
		003B6ECF19C0D05300E21E02 /* Release */ = {
			isa = XCBuildConfiguration;
			buildSettings = {
				BUNDLE_LOADER = "$(BUILT_PRODUCTS_DIR)/UITableViewController Challenge Solution.app/UITableViewController Challenge Solution";
				FRAMEWORK_SEARCH_PATHS = (
					"$(SDKROOT)/Developer/Library/Frameworks",
					"$(inherited)",
					"$(DEVELOPER_FRAMEWORKS_DIR)",
				);
				GCC_PRECOMPILE_PREFIX_HEADER = YES;
				GCC_PREFIX_HEADER = "UITableViewController Challenge Solution/UITableViewController Challenge Solution-Prefix.pch";
				INFOPLIST_FILE = "UITableViewController Challenge SolutionTests/UITableViewController Challenge SolutionTests-Info.plist";
				PRODUCT_NAME = "$(TARGET_NAME)";
				TEST_HOST = "$(BUNDLE_LOADER)";
				WRAPPER_EXTENSION = xctest;
			};
			name = Release;
		};
/* End XCBuildConfiguration section */

/* Begin XCConfigurationList section */
		003B6E9319C0D05300E21E02 /* Build configuration list for PBXProject "UITableViewController Challenge Solution" */ = {
			isa = XCConfigurationList;
			buildConfigurations = (
				003B6EC819C0D05300E21E02 /* Debug */,
				003B6EC919C0D05300E21E02 /* Release */,
			);
			defaultConfigurationIsVisible = 0;
			defaultConfigurationName = Release;
		};
		003B6ECA19C0D05300E21E02 /* Build configuration list for PBXNativeTarget "UITableViewController Challenge Solution" */ = {
			isa = XCConfigurationList;
			buildConfigurations = (
				003B6ECB19C0D05300E21E02 /* Debug */,
				003B6ECC19C0D05300E21E02 /* Release */,
			);
			defaultConfigurationIsVisible = 0;
		};
		003B6ECD19C0D05300E21E02 /* Build configuration list for PBXNativeTarget "UITableViewController Challenge SolutionTests" */ = {
			isa = XCConfigurationList;
			buildConfigurations = (
				003B6ECE19C0D05300E21E02 /* Debug */,
				003B6ECF19C0D05300E21E02 /* Release */,
			);
			defaultConfigurationIsVisible = 0;
		};
/* End XCConfigurationList section */
	};
	rootObject = 003B6E9019C0D05300E21E02 /* Project object */;
}
